// !$*UTF8*$!
{
	archiveVersion = 1;
	classes = {
	};
	objectVersion = 50;
	objects = {

/* Begin PBXBuildFile section */
		FA4A82042352127400E0B93C /* main.cpp in Sources */ = {isa = PBXBuildFile; fileRef = FA4A82032352127400E0B93C /* main.cpp */; };
		FA4A8213235212A200E0B93C /* math.cpp in Sources */ = {isa = PBXBuildFile; fileRef = FA4A820A235212A100E0B93C /* math.cpp */; };
		FA4A8214235212A200E0B93C /* matrix.cpp in Sources */ = {isa = PBXBuildFile; fileRef = FA4A820C235212A100E0B93C /* matrix.cpp */; };
		FA4A8215235212A200E0B93C /* file.cpp in Sources */ = {isa = PBXBuildFile; fileRef = FA4A8210235212A200E0B93C /* file.cpp */; };
		FA4A8216235212A200E0B93C /* vector.cpp in Sources */ = {isa = PBXBuildFile; fileRef = FA4A8211235212A200E0B93C /* vector.cpp */; };
/* End PBXBuildFile section */

/* Begin PBXCopyFilesBuildPhase section */
		FA4A81FE2352127400E0B93C /* CopyFiles */ = {
			isa = PBXCopyFilesBuildPhase;
			buildActionMask = 2147483647;
			dstPath = /usr/share/man/man1/;
			dstSubfolderSpec = 0;
			files = (
			);
			runOnlyForDeploymentPostprocessing = 1;
		};
/* End PBXCopyFilesBuildPhase section */

/* Begin PBXFileReference section */
		FA4A82002352127400E0B93C /* SOR */ = {isa = PBXFileReference; explicitFileType = "compiled.mach-o.executable"; includeInIndex = 0; path = SOR; sourceTree = BUILT_PRODUCTS_DIR; };
		FA4A82032352127400E0B93C /* main.cpp */ = {isa = PBXFileReference; lastKnownFileType = sourcecode.cpp.cpp; path = main.cpp; sourceTree = "<group>"; };
		FA4A820A235212A100E0B93C /* math.cpp */ = {isa = PBXFileReference; fileEncoding = 4; lastKnownFileType = sourcecode.cpp.cpp; path = math.cpp; sourceTree = "<group>"; };
		FA4A820B235212A100E0B93C /* matrix.hpp */ = {isa = PBXFileReference; fileEncoding = 4; lastKnownFileType = sourcecode.cpp.h; path = matrix.hpp; sourceTree = "<group>"; };
		FA4A820C235212A100E0B93C /* matrix.cpp */ = {isa = PBXFileReference; fileEncoding = 4; lastKnownFileType = sourcecode.cpp.cpp; path = matrix.cpp; sourceTree = "<group>"; };
		FA4A820D235212A100E0B93C /* LogFiles.txt */ = {isa = PBXFileReference; fileEncoding = 4; lastKnownFileType = text; path = LogFiles.txt; sourceTree = "<group>"; };
		FA4A820E235212A100E0B93C /* file.hpp */ = {isa = PBXFileReference; fileEncoding = 4; lastKnownFileType = sourcecode.cpp.h; path = file.hpp; sourceTree = "<group>"; };
		FA4A820F235212A200E0B93C /* math.hpp */ = {isa = PBXFileReference; fileEncoding = 4; lastKnownFileType = sourcecode.cpp.h; path = math.hpp; sourceTree = "<group>"; };
		FA4A8210235212A200E0B93C /* file.cpp */ = {isa = PBXFileReference; fileEncoding = 4; lastKnownFileType = sourcecode.cpp.cpp; path = file.cpp; sourceTree = "<group>"; };
		FA4A8211235212A200E0B93C /* vector.cpp */ = {isa = PBXFileReference; fileEncoding = 4; lastKnownFileType = sourcecode.cpp.cpp; path = vector.cpp; sourceTree = "<group>"; };
		FA4A8212235212A200E0B93C /* vector.hpp */ = {isa = PBXFileReference; fileEncoding = 4; lastKnownFileType = sourcecode.cpp.h; path = vector.hpp; sourceTree = "<group>"; };
		FA4A8217235212E600E0B93C /* matrix_3.txt */ = {isa = PBXFileReference; fileEncoding = 4; lastKnownFileType = text; path = matrix_3.txt; sourceTree = "<group>"; };
/* End PBXFileReference section */

/* Begin PBXFrameworksBuildPhase section */
		FA4A81FD2352127400E0B93C /* Frameworks */ = {
			isa = PBXFrameworksBuildPhase;
			buildActionMask = 2147483647;
			files = (
			);
			runOnlyForDeploymentPostprocessing = 0;
		};
/* End PBXFrameworksBuildPhase section */

/* Begin PBXGroup section */
		FA4A81F72352127400E0B93C = {
			isa = PBXGroup;
			children = (
				FA4A82022352127400E0B93C /* SOR */,
				FA4A82012352127400E0B93C /* Products */,
			);
			sourceTree = "<group>";
		};
		FA4A82012352127400E0B93C /* Products */ = {
			isa = PBXGroup;
			children = (
				FA4A82002352127400E0B93C /* SOR */,
			);
			name = Products;
			sourceTree = "<group>";
		};
		FA4A82022352127400E0B93C /* SOR */ = {
			isa = PBXGroup;
			children = (
				FA4A82032352127400E0B93C /* main.cpp */,
				FA4A8210235212A200E0B93C /* file.cpp */,
				FA4A820E235212A100E0B93C /* file.hpp */,
				FA4A820D235212A100E0B93C /* LogFiles.txt */,
				FA4A8217235212E600E0B93C /* matrix_3.txt */,
				FA4A820A235212A100E0B93C /* math.cpp */,
				FA4A820F235212A200E0B93C /* math.hpp */,
				FA4A820C235212A100E0B93C /* matrix.cpp */,
				FA4A820B235212A100E0B93C /* matrix.hpp */,
				FA4A8211235212A200E0B93C /* vector.cpp */,
				FA4A8212235212A200E0B93C /* vector.hpp */,
			);
			path = SOR;
			sourceTree = "<group>";
		};
/* End PBXGroup section */

/* Begin PBXNativeTarget section */
		FA4A81FF2352127400E0B93C /* SOR */ = {
			isa = PBXNativeTarget;
			buildConfigurationList = FA4A82072352127400E0B93C /* Build configuration list for PBXNativeTarget "SOR" */;
			buildPhases = (
				FA4A81FC2352127400E0B93C /* Sources */,
				FA4A81FD2352127400E0B93C /* Frameworks */,
				FA4A81FE2352127400E0B93C /* CopyFiles */,
			);
			buildRules = (
			);
			dependencies = (
			);
			name = SOR;
			productName = SOR;
			productReference = FA4A82002352127400E0B93C /* SOR */;
			productType = "com.apple.product-type.tool";
		};
/* End PBXNativeTarget section */

/* Begin PBXProject section */
		FA4A81F82352127400E0B93C /* Project object */ = {
			isa = PBXProject;
			attributes = {
				LastUpgradeCheck = 1110;
				ORGANIZATIONNAME = macbook;
				TargetAttributes = {
					FA4A81FF2352127400E0B93C = {
						CreatedOnToolsVersion = 11.1;
					};
				};
			};
			buildConfigurationList = FA4A81FB2352127400E0B93C /* Build configuration list for PBXProject "SOR" */;
			compatibilityVersion = "Xcode 9.3";
			developmentRegion = en;
			hasScannedForEncodings = 0;
			knownRegions = (
				en,
				Base,
			);
			mainGroup = FA4A81F72352127400E0B93C;
			productRefGroup = FA4A82012352127400E0B93C /* Products */;
			projectDirPath = "";
			projectRoot = "";
			targets = (
				FA4A81FF2352127400E0B93C /* SOR */,
			);
		};
/* End PBXProject section */

/* Begin PBXSourcesBuildPhase section */
		FA4A81FC2352127400E0B93C /* Sources */ = {
			isa = PBXSourcesBuildPhase;
			buildActionMask = 2147483647;
			files = (
				FA4A82042352127400E0B93C /* main.cpp in Sources */,
				FA4A8215235212A200E0B93C /* file.cpp in Sources */,
				FA4A8213235212A200E0B93C /* math.cpp in Sources */,
				FA4A8214235212A200E0B93C /* matrix.cpp in Sources */,
				FA4A8216235212A200E0B93C /* vector.cpp in Sources */,
			);
			runOnlyForDeploymentPostprocessing = 0;
		};
/* End PBXSourcesBuildPhase section */

/* Begin XCBuildConfiguration section */
		FA4A82052352127400E0B93C /* Debug */ = {
			isa = XCBuildConfiguration;
			buildSettings = {
				ALWAYS_SEARCH_USER_PATHS = NO;
				CLANG_ANALYZER_NONNULL = YES;
				CLANG_ANALYZER_NUMBER_OBJECT_CONVERSION = YES_AGGRESSIVE;
				CLANG_CXX_LANGUAGE_STANDARD = "gnu++14";
				CLANG_CXX_LIBRARY = "libc++";
				CLANG_ENABLE_MODULES = YES;
				CLANG_ENABLE_OBJC_ARC = YES;
				CLANG_ENABLE_OBJC_WEAK = YES;
				CLANG_WARN_BLOCK_CAPTURE_AUTORELEASING = YES;
				CLANG_WARN_BOOL_CONVERSION = YES;
				CLANG_WARN_COMMA = YES;
				CLANG_WARN_CONSTANT_CONVERSION = YES;
				CLANG_WARN_DEPRECATED_OBJC_IMPLEMENTATIONS = YES;
				CLANG_WARN_DIRECT_OBJC_ISA_USAGE = YES_ERROR;
				CLANG_WARN_DOCUMENTATION_COMMENTS = YES;
				CLANG_WARN_EMPTY_BODY = YES;
				CLANG_WARN_ENUM_CONVERSION = YES;
				CLANG_WARN_INFINITE_RECURSION = YES;
				CLANG_WARN_INT_CONVERSION = YES;
				CLANG_WARN_NON_LITERAL_NULL_CONVERSION = YES;
				CLANG_WARN_OBJC_IMPLICIT_RETAIN_SELF = YES;
				CLANG_WARN_OBJC_LITERAL_CONVERSION = YES;
				CLANG_WARN_OBJC_ROOT_CLASS = YES_ERROR;
				CLANG_WARN_RANGE_LOOP_ANALYSIS = YES;
				CLANG_WARN_STRICT_PROTOTYPES = YES;
				CLANG_WARN_SUSPICIOUS_MOVE = YES;
				CLANG_WARN_UNGUARDED_AVAILABILITY = YES_AGGRESSIVE;
				CLANG_WARN_UNREACHABLE_CODE = YES;
				CLANG_WARN__DUPLICATE_METHOD_MATCH = YES;
				COPY_PHASE_STRIP = NO;
				DEBUG_INFORMATION_FORMAT = dwarf;
				ENABLE_STRICT_OBJC_MSGSEND = YES;
				ENABLE_TESTABILITY = YES;
				GCC_C_LANGUAGE_STANDARD = gnu11;
				GCC_DYNAMIC_NO_PIC = NO;
				GCC_NO_COMMON_BLOCKS = YES;
				GCC_OPTIMIZATION_LEVEL = 0;
				GCC_PREPROCESSOR_DEFINITIONS = (
					"DEBUG=1",
					"$(inherited)",
				);
				GCC_WARN_64_TO_32_BIT_CONVERSION = YES;
				GCC_WARN_ABOUT_RETURN_TYPE = YES_ERROR;
				GCC_WARN_UNDECLARED_SELECTOR = YES;
				GCC_WARN_UNINITIALIZED_AUTOS = YES_AGGRESSIVE;
				GCC_WARN_UNUSED_FUNCTION = YES;
				GCC_WARN_UNUSED_VARIABLE = YES;
				MACOSX_DEPLOYMENT_TARGET = 10.15;
				MTL_ENABLE_DEBUG_INFO = INCLUDE_SOURCE;
				MTL_FAST_MATH = YES;
				ONLY_ACTIVE_ARCH = YES;
				SDKROOT = macosx;
			};
			name = Debug;
		};
		FA4A82062352127400E0B93C /* Release */ = {
			isa = XCBuildConfiguration;
			buildSettings = {
				ALWAYS_SEARCH_USER_PATHS = NO;
				CLANG_ANALYZER_NONNULL = YES;
				CLANG_ANALYZER_NUMBER_OBJECT_CONVERSION = YES_AGGRESSIVE;
				CLANG_CXX_LANGUAGE_STANDARD = "gnu++14";
				CLANG_CXX_LIBRARY = "libc++";
				CLANG_ENABLE_MODULES = YES;
				CLANG_ENABLE_OBJC_ARC = YES;
				CLANG_ENABLE_OBJC_WEAK = YES;
				CLANG_WARN_BLOCK_CAPTURE_AUTORELEASING = YES;
				CLANG_WARN_BOOL_CONVERSION = YES;
				CLANG_WARN_COMMA = YES;
				CLANG_WARN_CONSTANT_CONVERSION = YES;
				CLANG_WARN_DEPRECATED_OBJC_IMPLEMENTATIONS = YES;
				CLANG_WARN_DIRECT_OBJC_ISA_USAGE = YES_ERROR;
				CLANG_WARN_DOCUMENTATION_COMMENTS = YES;
				CLANG_WARN_EMPTY_BODY = YES;
				CLANG_WARN_ENUM_CONVERSION = YES;
				CLANG_WARN_INFINITE_RECURSION = YES;
				CLANG_WARN_INT_CONVERSION = YES;
				CLANG_WARN_NON_LITERAL_NULL_CONVERSION = YES;
				CLANG_WARN_OBJC_IMPLICIT_RETAIN_SELF = YES;
				CLANG_WARN_OBJC_LITERAL_CONVERSION = YES;
				CLANG_WARN_OBJC_ROOT_CLASS = YES_ERROR;
				CLANG_WARN_RANGE_LOOP_ANALYSIS = YES;
				CLANG_WARN_STRICT_PROTOTYPES = YES;
				CLANG_WARN_SUSPICIOUS_MOVE = YES;
				CLANG_WARN_UNGUARDED_AVAILABILITY = YES_AGGRESSIVE;
				CLANG_WARN_UNREACHABLE_CODE = YES;
				CLANG_WARN__DUPLICATE_METHOD_MATCH = YES;
				COPY_PHASE_STRIP = NO;
				DEBUG_INFORMATION_FORMAT = "dwarf-with-dsym";
				ENABLE_NS_ASSERTIONS = NO;
				ENABLE_STRICT_OBJC_MSGSEND = YES;
				GCC_C_LANGUAGE_STANDARD = gnu11;
				GCC_NO_COMMON_BLOCKS = YES;
				GCC_WARN_64_TO_32_BIT_CONVERSION = YES;
				GCC_WARN_ABOUT_RETURN_TYPE = YES_ERROR;
				GCC_WARN_UNDECLARED_SELECTOR = YES;
				GCC_WARN_UNINITIALIZED_AUTOS = YES_AGGRESSIVE;
				GCC_WARN_UNUSED_FUNCTION = YES;
				GCC_WARN_UNUSED_VARIABLE = YES;
				MACOSX_DEPLOYMENT_TARGET = 10.15;
				MTL_ENABLE_DEBUG_INFO = NO;
				MTL_FAST_MATH = YES;
				SDKROOT = macosx;
			};
			name = Release;
		};
		FA4A82082352127400E0B93C /* Debug */ = {
			isa = XCBuildConfiguration;
			buildSettings = {
				CODE_SIGN_STYLE = Automatic;
				PRODUCT_NAME = "$(TARGET_NAME)";
			};
			name = Debug;
		};
		FA4A82092352127400E0B93C /* Release */ = {
			isa = XCBuildConfiguration;
			buildSettings = {
				CODE_SIGN_STYLE = Automatic;
				PRODUCT_NAME = "$(TARGET_NAME)";
			};
			name = Release;
		};
/* End XCBuildConfiguration section */

/* Begin XCConfigurationList section */
		FA4A81FB2352127400E0B93C /* Build configuration list for PBXProject "SOR" */ = {
			isa = XCConfigurationList;
			buildConfigurations = (
				FA4A82052352127400E0B93C /* Debug */,
				FA4A82062352127400E0B93C /* Release */,
			);
			defaultConfigurationIsVisible = 0;
			defaultConfigurationName = Release;
		};
		FA4A82072352127400E0B93C /* Build configuration list for PBXNativeTarget "SOR" */ = {
			isa = XCConfigurationList;
			buildConfigurations = (
				FA4A82082352127400E0B93C /* Debug */,
				FA4A82092352127400E0B93C /* Release */,
			);
			defaultConfigurationIsVisible = 0;
			defaultConfigurationName = Release;
		};
/* End XCConfigurationList section */
	};
	rootObject = FA4A81F82352127400E0B93C /* Project object */;
}
