// !$*UTF8*$!
{
	archiveVersion = 1;
	classes = {
	};
	objectVersion = 50;
	objects = {

/* Begin PBXBuildFile section */
		FA7784692343C5A500AAD65A /* math.cpp in Sources */ = {isa = PBXBuildFile; fileRef = FA7784672343C5A500AAD65A /* math.cpp */; };
		FA77846E2343CADD00AAD65A /* vector.cpp in Sources */ = {isa = PBXBuildFile; fileRef = FA77846B2343CADC00AAD65A /* vector.cpp */; };
		FA77846F2343CADD00AAD65A /* matrix.cpp in Sources */ = {isa = PBXBuildFile; fileRef = FA77846C2343CADC00AAD65A /* matrix.cpp */; };
		FA7784722344BDF200AAD65A /* file.cpp in Sources */ = {isa = PBXBuildFile; fileRef = FA7784702344BDF200AAD65A /* file.cpp */; };
		FAA5A89F233EBF59006B0F52 /* main.cpp in Sources */ = {isa = PBXBuildFile; fileRef = FAA5A89E233EBF59006B0F52 /* main.cpp */; };
/* End PBXBuildFile section */

/* Begin PBXCopyFilesBuildPhase section */
		FAA5A899233EBF59006B0F52 /* CopyFiles */ = {
			isa = PBXCopyFilesBuildPhase;
			buildActionMask = 2147483647;
			dstPath = /usr/share/man/man1/;
			dstSubfolderSpec = 0;
			files = (
			);
			runOnlyForDeploymentPostprocessing = 1;
		};
/* End PBXCopyFilesBuildPhase section */

/* Begin PBXFileReference section */
		FA7784672343C5A500AAD65A /* math.cpp */ = {isa = PBXFileReference; lastKnownFileType = sourcecode.cpp.cpp; path = math.cpp; sourceTree = "<group>"; };
		FA7784682343C5A500AAD65A /* math.hpp */ = {isa = PBXFileReference; lastKnownFileType = sourcecode.cpp.h; path = math.hpp; sourceTree = "<group>"; };
		FA77846A2343CADC00AAD65A /* vector.hpp */ = {isa = PBXFileReference; fileEncoding = 4; lastKnownFileType = sourcecode.cpp.h; path = vector.hpp; sourceTree = "<group>"; };
		FA77846B2343CADC00AAD65A /* vector.cpp */ = {isa = PBXFileReference; fileEncoding = 4; lastKnownFileType = sourcecode.cpp.cpp; path = vector.cpp; sourceTree = "<group>"; };
		FA77846C2343CADC00AAD65A /* matrix.cpp */ = {isa = PBXFileReference; fileEncoding = 4; lastKnownFileType = sourcecode.cpp.cpp; path = matrix.cpp; sourceTree = "<group>"; };
		FA77846D2343CADC00AAD65A /* matrix.hpp */ = {isa = PBXFileReference; fileEncoding = 4; lastKnownFileType = sourcecode.cpp.h; path = matrix.hpp; sourceTree = "<group>"; };
		FA7784702344BDF200AAD65A /* file.cpp */ = {isa = PBXFileReference; lastKnownFileType = sourcecode.cpp.cpp; path = file.cpp; sourceTree = "<group>"; };
		FA7784712344BDF200AAD65A /* file.hpp */ = {isa = PBXFileReference; lastKnownFileType = sourcecode.cpp.h; path = file.hpp; sourceTree = "<group>"; };
		FA7784732344C1E100AAD65A /* matrix_1.txt */ = {isa = PBXFileReference; fileEncoding = 4; lastKnownFileType = text; path = matrix_1.txt; sourceTree = "<group>"; };
		FA7784742344C1E100AAD65A /* matrix_3.txt */ = {isa = PBXFileReference; fileEncoding = 4; lastKnownFileType = text; path = matrix_3.txt; sourceTree = "<group>"; };
		FAA5A89B233EBF59006B0F52 /* Sys */ = {isa = PBXFileReference; explicitFileType = "compiled.mach-o.executable"; includeInIndex = 0; path = Sys; sourceTree = BUILT_PRODUCTS_DIR; };
		FAA5A89E233EBF59006B0F52 /* main.cpp */ = {isa = PBXFileReference; lastKnownFileType = sourcecode.cpp.cpp; path = main.cpp; sourceTree = "<group>"; };
		FAE696232344FFEE008FD9BB /* matrix_t.txt */ = {isa = PBXFileReference; fileEncoding = 4; lastKnownFileType = text; path = matrix_t.txt; sourceTree = "<group>"; };
/* End PBXFileReference section */

/* Begin PBXFrameworksBuildPhase section */
		FAA5A898233EBF59006B0F52 /* Frameworks */ = {
			isa = PBXFrameworksBuildPhase;
			buildActionMask = 2147483647;
			files = (
			);
			runOnlyForDeploymentPostprocessing = 0;
		};
/* End PBXFrameworksBuildPhase section */

/* Begin PBXGroup section */
		FAA5A892233EBF59006B0F52 = {
			isa = PBXGroup;
			children = (
				FAA5A89D233EBF59006B0F52 /* Sys */,
				FAA5A89C233EBF59006B0F52 /* Products */,
			);
			sourceTree = "<group>";
		};
		FAA5A89C233EBF59006B0F52 /* Products */ = {
			isa = PBXGroup;
			children = (
				FAA5A89B233EBF59006B0F52 /* Sys */,
			);
			name = Products;
			sourceTree = "<group>";
		};
		FAA5A89D233EBF59006B0F52 /* Sys */ = {
			isa = PBXGroup;
			children = (
				FAA5A89E233EBF59006B0F52 /* main.cpp */,
				FA7784702344BDF200AAD65A /* file.cpp */,
				FA7784712344BDF200AAD65A /* file.hpp */,
				FA7784672343C5A500AAD65A /* math.cpp */,
				FA7784682343C5A500AAD65A /* math.hpp */,
				FA77846C2343CADC00AAD65A /* matrix.cpp */,
				FA77846D2343CADC00AAD65A /* matrix.hpp */,
				FAE696232344FFEE008FD9BB /* matrix_t.txt */,
				FA77846B2343CADC00AAD65A /* vector.cpp */,
				FA77846A2343CADC00AAD65A /* vector.hpp */,
				FA7784732344C1E100AAD65A /* matrix_1.txt */,
				FA7784742344C1E100AAD65A /* matrix_3.txt */,
			);
			path = Sys;
			sourceTree = "<group>";
		};
/* End PBXGroup section */

/* Begin PBXNativeTarget section */
		FAA5A89A233EBF59006B0F52 /* Sys */ = {
			isa = PBXNativeTarget;
			buildConfigurationList = FAA5A8A2233EBF59006B0F52 /* Build configuration list for PBXNativeTarget "Sys" */;
			buildPhases = (
				FAA5A897233EBF59006B0F52 /* Sources */,
				FAA5A898233EBF59006B0F52 /* Frameworks */,
				FAA5A899233EBF59006B0F52 /* CopyFiles */,
			);
			buildRules = (
			);
			dependencies = (
			);
			name = Sys;
			productName = Sys;
			productReference = FAA5A89B233EBF59006B0F52 /* Sys */;
			productType = "com.apple.product-type.tool";
		};
/* End PBXNativeTarget section */

/* Begin PBXProject section */
		FAA5A893233EBF59006B0F52 /* Project object */ = {
			isa = PBXProject;
			attributes = {
				LastUpgradeCheck = 1100;
				ORGANIZATIONNAME = macbook;
				TargetAttributes = {
					FAA5A89A233EBF59006B0F52 = {
						CreatedOnToolsVersion = 11.0;
					};
				};
			};
			buildConfigurationList = FAA5A896233EBF59006B0F52 /* Build configuration list for PBXProject "Sys" */;
			compatibilityVersion = "Xcode 9.3";
			developmentRegion = en;
			hasScannedForEncodings = 0;
			knownRegions = (
				en,
				Base,
			);
			mainGroup = FAA5A892233EBF59006B0F52;
			productRefGroup = FAA5A89C233EBF59006B0F52 /* Products */;
			projectDirPath = "";
			projectRoot = "";
			targets = (
				FAA5A89A233EBF59006B0F52 /* Sys */,
			);
		};
/* End PBXProject section */

/* Begin PBXSourcesBuildPhase section */
		FAA5A897233EBF59006B0F52 /* Sources */ = {
			isa = PBXSourcesBuildPhase;
			buildActionMask = 2147483647;
			files = (
				FA77846F2343CADD00AAD65A /* matrix.cpp in Sources */,
				FAA5A89F233EBF59006B0F52 /* main.cpp in Sources */,
				FA7784692343C5A500AAD65A /* math.cpp in Sources */,
				FA7784722344BDF200AAD65A /* file.cpp in Sources */,
				FA77846E2343CADD00AAD65A /* vector.cpp in Sources */,
			);
			runOnlyForDeploymentPostprocessing = 0;
		};
/* End PBXSourcesBuildPhase section */

/* Begin XCBuildConfiguration section */
		FAA5A8A0233EBF59006B0F52 /* Debug */ = {
			isa = XCBuildConfiguration;
			buildSettings = {
				ALWAYS_SEARCH_USER_PATHS = NO;
				CLANG_ANALYZER_NONNULL = YES;
				CLANG_ANALYZER_NUMBER_OBJECT_CONVERSION = YES_AGGRESSIVE;
				CLANG_CXX_LANGUAGE_STANDARD = "gnu++14";
				CLANG_CXX_LIBRARY = "libc++";
				CLANG_ENABLE_MODULES = YES;
				CLANG_ENABLE_OBJC_ARC = YES;
				CLANG_ENABLE_OBJC_WEAK = YES;
				CLANG_WARN_BLOCK_CAPTURE_AUTORELEASING = YES;
				CLANG_WARN_BOOL_CONVERSION = YES;
				CLANG_WARN_COMMA = YES;
				CLANG_WARN_CONSTANT_CONVERSION = YES;
				CLANG_WARN_DEPRECATED_OBJC_IMPLEMENTATIONS = YES;
				CLANG_WARN_DIRECT_OBJC_ISA_USAGE = YES_ERROR;
				CLANG_WARN_DOCUMENTATION_COMMENTS = YES;
				CLANG_WARN_EMPTY_BODY = YES;
				CLANG_WARN_ENUM_CONVERSION = YES;
				CLANG_WARN_INFINITE_RECURSION = YES;
				CLANG_WARN_INT_CONVERSION = YES;
				CLANG_WARN_NON_LITERAL_NULL_CONVERSION = YES;
				CLANG_WARN_OBJC_IMPLICIT_RETAIN_SELF = YES;
				CLANG_WARN_OBJC_LITERAL_CONVERSION = YES;
				CLANG_WARN_OBJC_ROOT_CLASS = YES_ERROR;
				CLANG_WARN_RANGE_LOOP_ANALYSIS = YES;
				CLANG_WARN_STRICT_PROTOTYPES = YES;
				CLANG_WARN_SUSPICIOUS_MOVE = YES;
				CLANG_WARN_UNGUARDED_AVAILABILITY = YES_AGGRESSIVE;
				CLANG_WARN_UNREACHABLE_CODE = YES;
				CLANG_WARN__DUPLICATE_METHOD_MATCH = YES;
				COPY_PHASE_STRIP = NO;
				DEBUG_INFORMATION_FORMAT = dwarf;
				ENABLE_STRICT_OBJC_MSGSEND = YES;
				ENABLE_TESTABILITY = YES;
				GCC_C_LANGUAGE_STANDARD = gnu11;
				GCC_DYNAMIC_NO_PIC = NO;
				GCC_NO_COMMON_BLOCKS = YES;
				GCC_OPTIMIZATION_LEVEL = 0;
				GCC_PREPROCESSOR_DEFINITIONS = (
					"DEBUG=1",
					"$(inherited)",
				);
				GCC_WARN_64_TO_32_BIT_CONVERSION = YES;
				GCC_WARN_ABOUT_RETURN_TYPE = YES_ERROR;
				GCC_WARN_UNDECLARED_SELECTOR = YES;
				GCC_WARN_UNINITIALIZED_AUTOS = YES_AGGRESSIVE;
				GCC_WARN_UNUSED_FUNCTION = YES;
				GCC_WARN_UNUSED_VARIABLE = YES;
				MACOSX_DEPLOYMENT_TARGET = 10.14;
				MTL_ENABLE_DEBUG_INFO = INCLUDE_SOURCE;
				MTL_FAST_MATH = YES;
				ONLY_ACTIVE_ARCH = YES;
				SDKROOT = macosx;
			};
			name = Debug;
		};
		FAA5A8A1233EBF59006B0F52 /* Release */ = {
			isa = XCBuildConfiguration;
			buildSettings = {
				ALWAYS_SEARCH_USER_PATHS = NO;
				CLANG_ANALYZER_NONNULL = YES;
				CLANG_ANALYZER_NUMBER_OBJECT_CONVERSION = YES_AGGRESSIVE;
				CLANG_CXX_LANGUAGE_STANDARD = "gnu++14";
				CLANG_CXX_LIBRARY = "libc++";
				CLANG_ENABLE_MODULES = YES;
				CLANG_ENABLE_OBJC_ARC = YES;
				CLANG_ENABLE_OBJC_WEAK = YES;
				CLANG_WARN_BLOCK_CAPTURE_AUTORELEASING = YES;
				CLANG_WARN_BOOL_CONVERSION = YES;
				CLANG_WARN_COMMA = YES;
				CLANG_WARN_CONSTANT_CONVERSION = YES;
				CLANG_WARN_DEPRECATED_OBJC_IMPLEMENTATIONS = YES;
				CLANG_WARN_DIRECT_OBJC_ISA_USAGE = YES_ERROR;
				CLANG_WARN_DOCUMENTATION_COMMENTS = YES;
				CLANG_WARN_EMPTY_BODY = YES;
				CLANG_WARN_ENUM_CONVERSION = YES;
				CLANG_WARN_INFINITE_RECURSION = YES;
				CLANG_WARN_INT_CONVERSION = YES;
				CLANG_WARN_NON_LITERAL_NULL_CONVERSION = YES;
				CLANG_WARN_OBJC_IMPLICIT_RETAIN_SELF = YES;
				CLANG_WARN_OBJC_LITERAL_CONVERSION = YES;
				CLANG_WARN_OBJC_ROOT_CLASS = YES_ERROR;
				CLANG_WARN_RANGE_LOOP_ANALYSIS = YES;
				CLANG_WARN_STRICT_PROTOTYPES = YES;
				CLANG_WARN_SUSPICIOUS_MOVE = YES;
				CLANG_WARN_UNGUARDED_AVAILABILITY = YES_AGGRESSIVE;
				CLANG_WARN_UNREACHABLE_CODE = YES;
				CLANG_WARN__DUPLICATE_METHOD_MATCH = YES;
				COPY_PHASE_STRIP = NO;
				DEBUG_INFORMATION_FORMAT = "dwarf-with-dsym";
				ENABLE_NS_ASSERTIONS = NO;
				ENABLE_STRICT_OBJC_MSGSEND = YES;
				GCC_C_LANGUAGE_STANDARD = gnu11;
				GCC_NO_COMMON_BLOCKS = YES;
				GCC_WARN_64_TO_32_BIT_CONVERSION = YES;
				GCC_WARN_ABOUT_RETURN_TYPE = YES_ERROR;
				GCC_WARN_UNDECLARED_SELECTOR = YES;
				GCC_WARN_UNINITIALIZED_AUTOS = YES_AGGRESSIVE;
				GCC_WARN_UNUSED_FUNCTION = YES;
				GCC_WARN_UNUSED_VARIABLE = YES;
				MACOSX_DEPLOYMENT_TARGET = 10.14;
				MTL_ENABLE_DEBUG_INFO = NO;
				MTL_FAST_MATH = YES;
				SDKROOT = macosx;
			};
			name = Release;
		};
		FAA5A8A3233EBF59006B0F52 /* Debug */ = {
			isa = XCBuildConfiguration;
			buildSettings = {
				CODE_SIGN_STYLE = Automatic;
				PRODUCT_NAME = "$(TARGET_NAME)";
			};
			name = Debug;
		};
		FAA5A8A4233EBF59006B0F52 /* Release */ = {
			isa = XCBuildConfiguration;
			buildSettings = {
				CODE_SIGN_STYLE = Automatic;
				PRODUCT_NAME = "$(TARGET_NAME)";
			};
			name = Release;
		};
/* End XCBuildConfiguration section */

/* Begin XCConfigurationList section */
		FAA5A896233EBF59006B0F52 /* Build configuration list for PBXProject "Sys" */ = {
			isa = XCConfigurationList;
			buildConfigurations = (
				FAA5A8A0233EBF59006B0F52 /* Debug */,
				FAA5A8A1233EBF59006B0F52 /* Release */,
			);
			defaultConfigurationIsVisible = 0;
			defaultConfigurationName = Release;
		};
		FAA5A8A2233EBF59006B0F52 /* Build configuration list for PBXNativeTarget "Sys" */ = {
			isa = XCConfigurationList;
			buildConfigurations = (
				FAA5A8A3233EBF59006B0F52 /* Debug */,
				FAA5A8A4233EBF59006B0F52 /* Release */,
			);
			defaultConfigurationIsVisible = 0;
			defaultConfigurationName = Release;
		};
/* End XCConfigurationList section */
	};
	rootObject = FAA5A893233EBF59006B0F52 /* Project object */;
}
